
Microsoft Visual Studio Solution File, Format Version 12.00
# Visual Studio Version 18
VisualStudioVersion = 18.0.11222.15 d18.0
MinimumVisualStudioVersion = 10.0.40219.1
Project("{FAE04EC0-301F-11D3-BF4B-00C04F79EFBC}") = "Model", "Model\Model.csproj", "{B4923625-668A-95CB-F92E-EAD08FFFA065}"
EndProject
Project("{FAE04EC0-301F-11D3-BF4B-00C04F79EFBC}") = "ooop-lb1", "ooop-lb1\ooop-lb1.csproj", "{3FC48AB6-D511-64A7-AEE1-13F1976CF888}"
EndProject
Global
	GlobalSection(SolutionConfigurationPlatforms) = preSolution
		Debug|Any CPU = Debug|Any CPU
		Release|Any CPU = Release|Any CPU
	EndGlobalSection
	GlobalSection(ProjectConfigurationPlatforms) = postSolution
		{B4923625-668A-95CB-F92E-EAD08FFFA065}.Debug|Any CPU.ActiveCfg = Debug|Any CPU
		{B4923625-668A-95CB-F92E-EAD08FFFA065}.Debug|Any CPU.Build.0 = Debug|Any CPU
		{B4923625-668A-95CB-F92E-EAD08FFFA065}.Release|Any CPU.ActiveCfg = Release|Any CPU
		{B4923625-668A-95CB-F92E-EAD08FFFA065}.Release|Any CPU.Build.0 = Release|Any CPU
		{3FC48AB6-D511-64A7-AEE1-13F1976CF888}.Debug|Any CPU.ActiveCfg = Debug|Any CPU
		{3FC48AB6-D511-64A7-AEE1-13F1976CF888}.Debug|Any CPU.Build.0 = Debug|Any CPU
		{3FC48AB6-D511-64A7-AEE1-13F1976CF888}.Release|Any CPU.ActiveCfg = Release|Any CPU
		{3FC48AB6-D511-64A7-AEE1-13F1976CF888}.Release|Any CPU.Build.0 = Release|Any CPU
	EndGlobalSection
	GlobalSection(SolutionProperties) = preSolution
		HideSolutionNode = FALSE
	EndGlobalSection
EndGlobal
